
Microsoft Visual Studio Solution File, Format Version 12.00
# Visual Studio 15
VisualStudioVersion = 15.0.27703.2000
MinimumVisualStudioVersion = 10.0.40219.1
Project("{FAE04EC0-301F-11D3-BF4B-00C04F79EFBC}") = "EmployeeModel", "EmployeeModel\EmployeeModel.csproj", "{74F3D9AC-731F-4CDB-9565-B53CD5B940CD}"
EndProject
Project("{FAE04EC0-301F-11D3-BF4B-00C04F79EFBC}") = "EmployeeDataAccess", "EmployeeDataAccess\EmployeeDataAccess.csproj", "{CBDC0F78-C678-4577-80DD-CA1D4FC0B2E3}"
EndProject
Project("{FAE04EC0-301F-11D3-BF4B-00C04F79EFBC}") = "EmployeeApplication", "EmployeeApplication\EmployeeApplication.csproj", "{A321EE64-FD1A-4F49-8F73-0D5E1C4F35C0}"
EndProject
Global
	GlobalSection(SolutionConfigurationPlatforms) = preSolution
		Debug|Any CPU = Debug|Any CPU
		Release|Any CPU = Release|Any CPU
	EndGlobalSection
	GlobalSection(ProjectConfigurationPlatforms) = postSolution
		{74F3D9AC-731F-4CDB-9565-B53CD5B940CD}.Debug|Any CPU.ActiveCfg = Debug|Any CPU
		{74F3D9AC-731F-4CDB-9565-B53CD5B940CD}.Debug|Any CPU.Build.0 = Debug|Any CPU
		{74F3D9AC-731F-4CDB-9565-B53CD5B940CD}.Release|Any CPU.ActiveCfg = Release|Any CPU
		{74F3D9AC-731F-4CDB-9565-B53CD5B940CD}.Release|Any CPU.Build.0 = Release|Any CPU
		{CBDC0F78-C678-4577-80DD-CA1D4FC0B2E3}.Debug|Any CPU.ActiveCfg = Debug|Any CPU
		{CBDC0F78-C678-4577-80DD-CA1D4FC0B2E3}.Debug|Any CPU.Build.0 = Debug|Any CPU
		{CBDC0F78-C678-4577-80DD-CA1D4FC0B2E3}.Release|Any CPU.ActiveCfg = Release|Any CPU
		{CBDC0F78-C678-4577-80DD-CA1D4FC0B2E3}.Release|Any CPU.Build.0 = Release|Any CPU
		{A321EE64-FD1A-4F49-8F73-0D5E1C4F35C0}.Debug|Any CPU.ActiveCfg = Debug|Any CPU
		{A321EE64-FD1A-4F49-8F73-0D5E1C4F35C0}.Debug|Any CPU.Build.0 = Debug|Any CPU
		{A321EE64-FD1A-4F49-8F73-0D5E1C4F35C0}.Release|Any CPU.ActiveCfg = Release|Any CPU
		{A321EE64-FD1A-4F49-8F73-0D5E1C4F35C0}.Release|Any CPU.Build.0 = Release|Any CPU
	EndGlobalSection
	GlobalSection(SolutionProperties) = preSolution
		HideSolutionNode = FALSE
	EndGlobalSection
	GlobalSection(ExtensibilityGlobals) = postSolution
		SolutionGuid = {9BBDF4A8-E215-4765-8BF7-3927C91B16A1}
	EndGlobalSection
EndGlobal
